
Microsoft Visual Studio Solution File, Format Version 12.00
# Visual Studio Version 17
VisualStudioVersion = 17.8.34511.84
MinimumVisualStudioVersion = 10.0.40219.1
Project("{2150E333-8FDC-42A3-9474-1A3956D46DE8}") = "Solution Items", "Solution Items", "{B8256C70-A3E6-40D2-8108-CF28FAE9DF1F}"
	ProjectSection(SolutionItems) = preProject
		.editorconfig = .editorconfig
		AutoUpdateAssemblyName.txt = AutoUpdateAssemblyName.txt
		Directory.Build.props = Directory.Build.props
		LICENSE = LICENSE
	EndProjectSection
EndProject
Project("{9A19103F-16F7-4668-BE54-9A1E7A4F7556}") = "Presentation.LocalGui", "Presentation.LocalGui\Presentation.LocalGui.csproj", "{14D33B8A-C38E-4D03-BE9D-0DFE6C76665A}"
EndProject
Project("{2150E333-8FDC-42A3-9474-1A3956D46DE8}") = "Templates", "Templates", "{D6B10658-4003-40B9-98C5-DDF1CA18D6B2}"
	ProjectSection(SolutionItems) = preProject
		Templates\Directory.Build.props = Templates\Directory.Build.props
	EndProjectSection
EndProject
Project("{9A19103F-16F7-4668-BE54-9A1E7A4F7556}") = "Composition", "Composition\Composition.csproj", "{9FAE600D-B268-43C8-9FC8-E106F343C5AC}"
EndProject
Project("{9A19103F-16F7-4668-BE54-9A1E7A4F7556}") = "Common", "Common\Common.csproj", "{06C6BF5D-94BD-4BD3-A16E-9F8D2576F5B6}"
EndProject
Project("{2150E333-8FDC-42A3-9474-1A3956D46DE8}") = "Libraries", "Libraries", "{4EBEC006-0B69-4E37-8991-996D0F267D8C}"
EndProject
Project("{2150E333-8FDC-42A3-9474-1A3956D46DE8}") = "Tests", "Tests", "{C9C3C91F-E031-4892-A04F-3AD7BBCEACBC}"
EndProject
Project("{9A19103F-16F7-4668-BE54-9A1E7A4F7556}") = "Common.Tests", "Common.Tests\Common.Tests.csproj", "{0757233E-4E65-4A0B-A6BC-AD905A6500DA}"
EndProject
Project("{9A19103F-16F7-4668-BE54-9A1E7A4F7556}") = "Tests.Common", "Tests.Common\Tests.Common.csproj", "{CB943578-63A5-422F-8BC9-6AA8A815BF2D}"
EndProject
Project("{9A19103F-16F7-4668-BE54-9A1E7A4F7556}") = "Aspects", "Aspects\Aspects.csproj", "{B1544F4A-FDEA-4183-879B-0CDE46D2A172}"
EndProject
Project("{9A19103F-16F7-4668-BE54-9A1E7A4F7556}") = "Aspects.Tests", "Aspects.Tests\Aspects.Tests.csproj", "{C9EEA377-C8F8-47A9-AA66-45F47A0A50BF}"
EndProject
Project("{9A19103F-16F7-4668-BE54-9A1E7A4F7556}") = "Presentation.Models", "Presentation.Models\Presentation.Models.csproj", "{F88AF8A7-A4FA-45AC-A676-6EAE48273654}"
EndProject
Project("{9A19103F-16F7-4668-BE54-9A1E7A4F7556}") = "Presentation.Views.Blazor", "Presentation.Views.Blazor\Presentation.Views.Blazor.csproj", "{57209F28-36F0-497B-A694-0A9CB26CDB3D}"
EndProject
Project("{9A19103F-16F7-4668-BE54-9A1E7A4F7556}") = "Template_Views", "Templates\Template_Views\Template_Views.csproj", "{73C6436E-FBEF-4B0D-8F2C-18F5A8E907B6}"
EndProject
Project("{9A19103F-16F7-4668-BE54-9A1E7A4F7556}") = "Template_WebGui", "Templates\Template_WebGui\Template_WebGui.csproj", "{541F8272-1D5F-4932-BE06-B7E9EC87BE27}"
EndProject
Project("{9A19103F-16F7-4668-BE54-9A1E7A4F7556}") = "Template_WebGui.Client", "Templates\Template_WebGui.Client\Template_WebGui.Client.csproj", "{FE9ABCD9-AA85-4593-B8CE-90EB9B04DCAD}"
EndProject
Project("{9A19103F-16F7-4668-BE54-9A1E7A4F7556}") = "Template_LocalGui", "Templates\Template_LocalGui\Template_LocalGui.csproj", "{9D6846B1-5F5D-432D-89FD-7F06640B5369}"
EndProject
Project("{9A19103F-16F7-4668-BE54-9A1E7A4F7556}") = "Presentation.WebGui", "Presentation.WebGui\Presentation.WebGui.csproj", "{EB08DEB2-E197-4066-B980-B3AB5CD1DE25}"
EndProject
Project("{2150E333-8FDC-42A3-9474-1A3956D46DE8}") = "Analyzers", "Analyzers", "{4C8F03B2-0AD3-4A78-BCDF-FE556C344819}"
EndProject
Project("{9A19103F-16F7-4668-BE54-9A1E7A4F7556}") = "Presentation.Views.Blazor.RenderModeGenerator", "Presentation.Views.Blazor.RenderModeGenerator\Presentation.Views.Blazor.RenderModeGenerator.csproj", "{9CF5C236-C773-4E1E-BEB5-C9B30D388C9A}"
EndProject
Project("{9A19103F-16F7-4668-BE54-9A1E7A4F7556}") = "Presentation.Views.Blazor.DependencyInjection.Client", "Presentation.Views.Blazor.DependencyInjection.Client\Presentation.Views.Blazor.DependencyInjection.Client.csproj", "{6922EB98-D202-47EA-85E3-1123763DBC7D}"
EndProject
Project("{9A19103F-16F7-4668-BE54-9A1E7A4F7556}") = "Presentation.Views.Blazor.DependencyInjection", "Presentation.Views.Blazor.DependencyInjection\Presentation.Views.Blazor.DependencyInjection.csproj", "{86452D73-4613-4E49-AA94-3BE169E2AA04}"
EndProject
Project("{9A19103F-16F7-4668-BE54-9A1E7A4F7556}") = "Composition.Presentation.Views.Blazor", "Composition.Presentation.Views.Blazor\Composition.Presentation.Views.Blazor.csproj", "{65AA4444-D79C-4DCB-BA32-A97AB0818CB3}"
EndProject
Project("{9A19103F-16F7-4668-BE54-9A1E7A4F7556}") = "Template_Composition", "Templates\Template_Composition\Template_Composition.csproj", "{833C8F6A-178D-497E-81CF-86345AA5D853}"
EndProject
Project("{9A19103F-16F7-4668-BE54-9A1E7A4F7556}") = "Presentation.WebGui.Client", "Presentation.WebGui.Client\Presentation.WebGui.Client.csproj", "{366C50BE-8CCA-4B24-A6F0-6FDCF2AEC877}"
EndProject
Global
	GlobalSection(SolutionConfigurationPlatforms) = preSolution
		Debug|Any CPU = Debug|Any CPU
		Release|Any CPU = Release|Any CPU
	EndGlobalSection
	GlobalSection(ProjectConfigurationPlatforms) = postSolution
		{14D33B8A-C38E-4D03-BE9D-0DFE6C76665A}.Debug|Any CPU.ActiveCfg = Debug|Any CPU
		{14D33B8A-C38E-4D03-BE9D-0DFE6C76665A}.Debug|Any CPU.Build.0 = Debug|Any CPU
		{14D33B8A-C38E-4D03-BE9D-0DFE6C76665A}.Release|Any CPU.ActiveCfg = Release|Any CPU
		{14D33B8A-C38E-4D03-BE9D-0DFE6C76665A}.Release|Any CPU.Build.0 = Release|Any CPU
		{9FAE600D-B268-43C8-9FC8-E106F343C5AC}.Debug|Any CPU.ActiveCfg = Debug|Any CPU
		{9FAE600D-B268-43C8-9FC8-E106F343C5AC}.Debug|Any CPU.Build.0 = Debug|Any CPU
		{9FAE600D-B268-43C8-9FC8-E106F343C5AC}.Release|Any CPU.ActiveCfg = Release|Any CPU
		{9FAE600D-B268-43C8-9FC8-E106F343C5AC}.Release|Any CPU.Build.0 = Release|Any CPU
		{06C6BF5D-94BD-4BD3-A16E-9F8D2576F5B6}.Debug|Any CPU.ActiveCfg = Debug|Any CPU
		{06C6BF5D-94BD-4BD3-A16E-9F8D2576F5B6}.Debug|Any CPU.Build.0 = Debug|Any CPU
		{06C6BF5D-94BD-4BD3-A16E-9F8D2576F5B6}.Release|Any CPU.ActiveCfg = Release|Any CPU
		{06C6BF5D-94BD-4BD3-A16E-9F8D2576F5B6}.Release|Any CPU.Build.0 = Release|Any CPU
		{0757233E-4E65-4A0B-A6BC-AD905A6500DA}.Debug|Any CPU.ActiveCfg = Debug|Any CPU
		{0757233E-4E65-4A0B-A6BC-AD905A6500DA}.Debug|Any CPU.Build.0 = Debug|Any CPU
		{0757233E-4E65-4A0B-A6BC-AD905A6500DA}.Release|Any CPU.ActiveCfg = Release|Any CPU
		{0757233E-4E65-4A0B-A6BC-AD905A6500DA}.Release|Any CPU.Build.0 = Release|Any CPU
		{CB943578-63A5-422F-8BC9-6AA8A815BF2D}.Debug|Any CPU.ActiveCfg = Debug|Any CPU
		{CB943578-63A5-422F-8BC9-6AA8A815BF2D}.Debug|Any CPU.Build.0 = Debug|Any CPU
		{CB943578-63A5-422F-8BC9-6AA8A815BF2D}.Release|Any CPU.ActiveCfg = Release|Any CPU
		{CB943578-63A5-422F-8BC9-6AA8A815BF2D}.Release|Any CPU.Build.0 = Release|Any CPU
		{B1544F4A-FDEA-4183-879B-0CDE46D2A172}.Debug|Any CPU.ActiveCfg = Debug|Any CPU
		{B1544F4A-FDEA-4183-879B-0CDE46D2A172}.Debug|Any CPU.Build.0 = Debug|Any CPU
		{B1544F4A-FDEA-4183-879B-0CDE46D2A172}.Release|Any CPU.ActiveCfg = Release|Any CPU
		{B1544F4A-FDEA-4183-879B-0CDE46D2A172}.Release|Any CPU.Build.0 = Release|Any CPU
		{C9EEA377-C8F8-47A9-AA66-45F47A0A50BF}.Debug|Any CPU.ActiveCfg = Debug|Any CPU
		{C9EEA377-C8F8-47A9-AA66-45F47A0A50BF}.Debug|Any CPU.Build.0 = Debug|Any CPU
		{C9EEA377-C8F8-47A9-AA66-45F47A0A50BF}.Release|Any CPU.ActiveCfg = Release|Any CPU
		{C9EEA377-C8F8-47A9-AA66-45F47A0A50BF}.Release|Any CPU.Build.0 = Release|Any CPU
		{F88AF8A7-A4FA-45AC-A676-6EAE48273654}.Debug|Any CPU.ActiveCfg = Debug|Any CPU
		{F88AF8A7-A4FA-45AC-A676-6EAE48273654}.Debug|Any CPU.Build.0 = Debug|Any CPU
		{F88AF8A7-A4FA-45AC-A676-6EAE48273654}.Release|Any CPU.ActiveCfg = Release|Any CPU
		{F88AF8A7-A4FA-45AC-A676-6EAE48273654}.Release|Any CPU.Build.0 = Release|Any CPU
		{57209F28-36F0-497B-A694-0A9CB26CDB3D}.Debug|Any CPU.ActiveCfg = Debug|Any CPU
		{57209F28-36F0-497B-A694-0A9CB26CDB3D}.Debug|Any CPU.Build.0 = Debug|Any CPU
		{57209F28-36F0-497B-A694-0A9CB26CDB3D}.Release|Any CPU.ActiveCfg = Release|Any CPU
		{57209F28-36F0-497B-A694-0A9CB26CDB3D}.Release|Any CPU.Build.0 = Release|Any CPU
		{73C6436E-FBEF-4B0D-8F2C-18F5A8E907B6}.Debug|Any CPU.ActiveCfg = Debug|Any CPU
		{73C6436E-FBEF-4B0D-8F2C-18F5A8E907B6}.Debug|Any CPU.Build.0 = Debug|Any CPU
		{73C6436E-FBEF-4B0D-8F2C-18F5A8E907B6}.Release|Any CPU.ActiveCfg = Release|Any CPU
		{73C6436E-FBEF-4B0D-8F2C-18F5A8E907B6}.Release|Any CPU.Build.0 = Release|Any CPU
		{541F8272-1D5F-4932-BE06-B7E9EC87BE27}.Debug|Any CPU.ActiveCfg = Debug|Any CPU
		{541F8272-1D5F-4932-BE06-B7E9EC87BE27}.Debug|Any CPU.Build.0 = Debug|Any CPU
		{541F8272-1D5F-4932-BE06-B7E9EC87BE27}.Release|Any CPU.ActiveCfg = Release|Any CPU
		{541F8272-1D5F-4932-BE06-B7E9EC87BE27}.Release|Any CPU.Build.0 = Release|Any CPU
		{FE9ABCD9-AA85-4593-B8CE-90EB9B04DCAD}.Debug|Any CPU.ActiveCfg = Debug|Any CPU
		{FE9ABCD9-AA85-4593-B8CE-90EB9B04DCAD}.Debug|Any CPU.Build.0 = Debug|Any CPU
		{FE9ABCD9-AA85-4593-B8CE-90EB9B04DCAD}.Release|Any CPU.ActiveCfg = Release|Any CPU
		{FE9ABCD9-AA85-4593-B8CE-90EB9B04DCAD}.Release|Any CPU.Build.0 = Release|Any CPU
		{9D6846B1-5F5D-432D-89FD-7F06640B5369}.Debug|Any CPU.ActiveCfg = Debug|Any CPU
		{9D6846B1-5F5D-432D-89FD-7F06640B5369}.Debug|Any CPU.Build.0 = Debug|Any CPU
		{9D6846B1-5F5D-432D-89FD-7F06640B5369}.Release|Any CPU.ActiveCfg = Release|Any CPU
		{9D6846B1-5F5D-432D-89FD-7F06640B5369}.Release|Any CPU.Build.0 = Release|Any CPU
		{EB08DEB2-E197-4066-B980-B3AB5CD1DE25}.Debug|Any CPU.ActiveCfg = Debug|Any CPU
		{EB08DEB2-E197-4066-B980-B3AB5CD1DE25}.Debug|Any CPU.Build.0 = Debug|Any CPU
		{EB08DEB2-E197-4066-B980-B3AB5CD1DE25}.Release|Any CPU.ActiveCfg = Release|Any CPU
		{EB08DEB2-E197-4066-B980-B3AB5CD1DE25}.Release|Any CPU.Build.0 = Release|Any CPU
		{9CF5C236-C773-4E1E-BEB5-C9B30D388C9A}.Debug|Any CPU.ActiveCfg = Debug|Any CPU
		{9CF5C236-C773-4E1E-BEB5-C9B30D388C9A}.Debug|Any CPU.Build.0 = Debug|Any CPU
		{9CF5C236-C773-4E1E-BEB5-C9B30D388C9A}.Release|Any CPU.ActiveCfg = Release|Any CPU
		{9CF5C236-C773-4E1E-BEB5-C9B30D388C9A}.Release|Any CPU.Build.0 = Release|Any CPU
		{6922EB98-D202-47EA-85E3-1123763DBC7D}.Debug|Any CPU.ActiveCfg = Debug|Any CPU
		{6922EB98-D202-47EA-85E3-1123763DBC7D}.Debug|Any CPU.Build.0 = Debug|Any CPU
		{6922EB98-D202-47EA-85E3-1123763DBC7D}.Release|Any CPU.ActiveCfg = Release|Any CPU
		{6922EB98-D202-47EA-85E3-1123763DBC7D}.Release|Any CPU.Build.0 = Release|Any CPU
		{86452D73-4613-4E49-AA94-3BE169E2AA04}.Debug|Any CPU.ActiveCfg = Debug|Any CPU
		{86452D73-4613-4E49-AA94-3BE169E2AA04}.Debug|Any CPU.Build.0 = Debug|Any CPU
		{86452D73-4613-4E49-AA94-3BE169E2AA04}.Release|Any CPU.ActiveCfg = Release|Any CPU
		{86452D73-4613-4E49-AA94-3BE169E2AA04}.Release|Any CPU.Build.0 = Release|Any CPU
		{65AA4444-D79C-4DCB-BA32-A97AB0818CB3}.Debug|Any CPU.ActiveCfg = Debug|Any CPU
		{65AA4444-D79C-4DCB-BA32-A97AB0818CB3}.Debug|Any CPU.Build.0 = Debug|Any CPU
		{65AA4444-D79C-4DCB-BA32-A97AB0818CB3}.Release|Any CPU.ActiveCfg = Release|Any CPU
		{65AA4444-D79C-4DCB-BA32-A97AB0818CB3}.Release|Any CPU.Build.0 = Release|Any CPU
		{833C8F6A-178D-497E-81CF-86345AA5D853}.Debug|Any CPU.ActiveCfg = Debug|Any CPU
		{833C8F6A-178D-497E-81CF-86345AA5D853}.Debug|Any CPU.Build.0 = Debug|Any CPU
		{833C8F6A-178D-497E-81CF-86345AA5D853}.Release|Any CPU.ActiveCfg = Release|Any CPU
		{833C8F6A-178D-497E-81CF-86345AA5D853}.Release|Any CPU.Build.0 = Release|Any CPU
		{366C50BE-8CCA-4B24-A6F0-6FDCF2AEC877}.Debug|Any CPU.ActiveCfg = Debug|Any CPU
		{366C50BE-8CCA-4B24-A6F0-6FDCF2AEC877}.Debug|Any CPU.Build.0 = Debug|Any CPU
		{366C50BE-8CCA-4B24-A6F0-6FDCF2AEC877}.Release|Any CPU.ActiveCfg = Release|Any CPU
		{366C50BE-8CCA-4B24-A6F0-6FDCF2AEC877}.Release|Any CPU.Build.0 = Release|Any CPU
	EndGlobalSection
	GlobalSection(SolutionProperties) = preSolution
		HideSolutionNode = FALSE
	EndGlobalSection
	GlobalSection(NestedProjects) = preSolution
		{14D33B8A-C38E-4D03-BE9D-0DFE6C76665A} = {4EBEC006-0B69-4E37-8991-996D0F267D8C}
		{9FAE600D-B268-43C8-9FC8-E106F343C5AC} = {4EBEC006-0B69-4E37-8991-996D0F267D8C}
		{06C6BF5D-94BD-4BD3-A16E-9F8D2576F5B6} = {4EBEC006-0B69-4E37-8991-996D0F267D8C}
		{0757233E-4E65-4A0B-A6BC-AD905A6500DA} = {C9C3C91F-E031-4892-A04F-3AD7BBCEACBC}
		{CB943578-63A5-422F-8BC9-6AA8A815BF2D} = {C9C3C91F-E031-4892-A04F-3AD7BBCEACBC}
		{B1544F4A-FDEA-4183-879B-0CDE46D2A172} = {4EBEC006-0B69-4E37-8991-996D0F267D8C}
		{C9EEA377-C8F8-47A9-AA66-45F47A0A50BF} = {C9C3C91F-E031-4892-A04F-3AD7BBCEACBC}
		{F88AF8A7-A4FA-45AC-A676-6EAE48273654} = {4EBEC006-0B69-4E37-8991-996D0F267D8C}
		{57209F28-36F0-497B-A694-0A9CB26CDB3D} = {4EBEC006-0B69-4E37-8991-996D0F267D8C}
		{73C6436E-FBEF-4B0D-8F2C-18F5A8E907B6} = {D6B10658-4003-40B9-98C5-DDF1CA18D6B2}
		{541F8272-1D5F-4932-BE06-B7E9EC87BE27} = {D6B10658-4003-40B9-98C5-DDF1CA18D6B2}
		{FE9ABCD9-AA85-4593-B8CE-90EB9B04DCAD} = {D6B10658-4003-40B9-98C5-DDF1CA18D6B2}
		{9D6846B1-5F5D-432D-89FD-7F06640B5369} = {D6B10658-4003-40B9-98C5-DDF1CA18D6B2}
		{EB08DEB2-E197-4066-B980-B3AB5CD1DE25} = {4EBEC006-0B69-4E37-8991-996D0F267D8C}
		{9CF5C236-C773-4E1E-BEB5-C9B30D388C9A} = {4C8F03B2-0AD3-4A78-BCDF-FE556C344819}
		{6922EB98-D202-47EA-85E3-1123763DBC7D} = {4EBEC006-0B69-4E37-8991-996D0F267D8C}
		{86452D73-4613-4E49-AA94-3BE169E2AA04} = {4EBEC006-0B69-4E37-8991-996D0F267D8C}
		{65AA4444-D79C-4DCB-BA32-A97AB0818CB3} = {4EBEC006-0B69-4E37-8991-996D0F267D8C}
		{833C8F6A-178D-497E-81CF-86345AA5D853} = {D6B10658-4003-40B9-98C5-DDF1CA18D6B2}
		{366C50BE-8CCA-4B24-A6F0-6FDCF2AEC877} = {4EBEC006-0B69-4E37-8991-996D0F267D8C}
	EndGlobalSection
	GlobalSection(ExtensibilityGlobals) = postSolution
		SolutionGuid = {5E2CEDA1-0589-48E9-9EA6-67419EDBFA80}
	EndGlobalSection
EndGlobal
