
Microsoft Visual Studio Solution File, Format Version 12.00
# Visual Studio Version 17
VisualStudioVersion = 17.8.34511.84
MinimumVisualStudioVersion = 10.0.40219.1
Project("{2150E333-8FDC-42A3-9474-1A3956D46DE8}") = "Solution Items", "Solution Items", "{B8256C70-A3E6-40D2-8108-CF28FAE9DF1F}"
	ProjectSection(SolutionItems) = preProject
		.editorconfig = .editorconfig
		AutoUpdateAssemblyName.txt = AutoUpdateAssemblyName.txt
		Directory.Build.props = Directory.Build.props
		LICENSE = LICENSE
	EndProjectSection
EndProject
Project("{9A19103F-16F7-4668-BE54-9A1E7A4F7556}") = "Composition", "Composition\Composition.csproj", "{9FAE600D-B268-43C8-9FC8-E106F343C5AC}"
EndProject
Project("{9A19103F-16F7-4668-BE54-9A1E7A4F7556}") = "Common", "Common\Common.csproj", "{06C6BF5D-94BD-4BD3-A16E-9F8D2576F5B6}"
EndProject
Project("{2150E333-8FDC-42A3-9474-1A3956D46DE8}") = "Libraries", "Libraries", "{4EBEC006-0B69-4E37-8991-996D0F267D8C}"
EndProject
Project("{2150E333-8FDC-42A3-9474-1A3956D46DE8}") = "Tests", "Tests", "{C9C3C91F-E031-4892-A04F-3AD7BBCEACBC}"
EndProject
Project("{9A19103F-16F7-4668-BE54-9A1E7A4F7556}") = "Common.Tests", "Common.Tests\Common.Tests.csproj", "{0757233E-4E65-4A0B-A6BC-AD905A6500DA}"
EndProject
Project("{9A19103F-16F7-4668-BE54-9A1E7A4F7556}") = "Tests.Common", "Tests.Common\Tests.Common.csproj", "{CB943578-63A5-422F-8BC9-6AA8A815BF2D}"
EndProject
Project("{9A19103F-16F7-4668-BE54-9A1E7A4F7556}") = "Aspects", "Aspects\Aspects.csproj", "{B1544F4A-FDEA-4183-879B-0CDE46D2A172}"
EndProject
Project("{9A19103F-16F7-4668-BE54-9A1E7A4F7556}") = "Aspects.Tests", "Aspects.Tests\Aspects.Tests.csproj", "{C9EEA377-C8F8-47A9-AA66-45F47A0A50BF}"
EndProject
Project("{9A19103F-16F7-4668-BE54-9A1E7A4F7556}") = "Presentation.Models", "Presentation.Models\Presentation.Models.csproj", "{F88AF8A7-A4FA-45AC-A676-6EAE48273654}"
EndProject
Project("{9A19103F-16F7-4668-BE54-9A1E7A4F7556}") = "Presentation.Views.Blazor", "Presentation.Views.Blazor\Presentation.Views.Blazor.csproj", "{57209F28-36F0-497B-A694-0A9CB26CDB3D}"
EndProject
Project("{2150E333-8FDC-42A3-9474-1A3956D46DE8}") = "Analyzers", "Analyzers", "{4C8F03B2-0AD3-4A78-BCDF-FE556C344819}"
EndProject
Project("{9A19103F-16F7-4668-BE54-9A1E7A4F7556}") = "Presentation.Views.Blazor.RenderModeGenerator", "Presentation.Views.Blazor.RenderModeGenerator\Presentation.Views.Blazor.RenderModeGenerator.csproj", "{9CF5C236-C773-4E1E-BEB5-C9B30D388C9A}"
EndProject
Project("{2150E333-8FDC-42A3-9474-1A3956D46DE8}") = "Apps", "Apps", "{552E8BE2-F112-43D6-8BA0-A31C8DD8A553}"
EndProject
Project("{9A19103F-16F7-4668-BE54-9A1E7A4F7556}") = "Hosting", "Hosting\Hosting.csproj", "{267D8E0F-AE02-4A44-B90A-45171A01C646}"
EndProject
Project("{9A19103F-16F7-4668-BE54-9A1E7A4F7556}") = "Hosting.Cli", "Hosting.Cli\Hosting.Cli.csproj", "{15D880B1-C0AF-4264-96B8-7404BE3E9A5A}"
EndProject
Project("{9A19103F-16F7-4668-BE54-9A1E7A4F7556}") = "Hosting.Blazor", "Hosting.Blazor\Hosting.Blazor.csproj", "{9BFEA4A4-E24D-424D-ADA1-F184087933DB}"
EndProject
Project("{9A19103F-16F7-4668-BE54-9A1E7A4F7556}") = "Hosting.Blazor.WebClientGui", "Hosting.Blazor.WebClientGui\Hosting.Blazor.WebClientGui.csproj", "{AFB34D84-FBF8-462E-9AE6-A8F92C3C1467}"
EndProject
Project("{9A19103F-16F7-4668-BE54-9A1E7A4F7556}") = "Hosting.Blazor.WebServerGui", "Hosting.Blazor.WebServerGui\Hosting.Blazor.WebServerGui.csproj", "{D9679F72-0546-450B-9349-D29589D28658}"
EndProject
Project("{9A19103F-16F7-4668-BE54-9A1E7A4F7556}") = "Hosting.Blazor.LocalGui", "Hosting.Blazor.LocalGui\Hosting.Blazor.LocalGui.csproj", "{0485993B-803D-4DD9-B169-4BF5952AB934}"
EndProject
Project("{2150E333-8FDC-42A3-9474-1A3956D46DE8}") = "RenderModeDemo", "RenderModeDemo", "{B70D12F1-ABFC-48EF-BD8C-4859F824F274}"
EndProject
Project("{9A19103F-16F7-4668-BE54-9A1E7A4F7556}") = "RMD.Composition", "RenderModeDemo\RMD.Composition\RMD.Composition.csproj", "{A4B66D23-F847-4F74-9ABF-7FE12678E7A9}"
EndProject
Project("{9A19103F-16F7-4668-BE54-9A1E7A4F7556}") = "RMD.Presentation.LocalGui", "RenderModeDemo\RMD.Presentation.LocalGui\RMD.Presentation.LocalGui.csproj", "{E52573E1-2223-4B8D-AAA9-E48F4DC178A9}"
EndProject
Project("{9A19103F-16F7-4668-BE54-9A1E7A4F7556}") = "RMD.Presentation.Views.Blazor", "RenderModeDemo\RMD.Presentation.Views.Blazor\RMD.Presentation.Views.Blazor.csproj", "{42EC081B-A1AD-4A6E-9AEB-3A2ED5BCF51E}"
EndProject
Project("{9A19103F-16F7-4668-BE54-9A1E7A4F7556}") = "RMD.Presentation.WebGui", "RenderModeDemo\RMD.Presentation.WebGui\RMD.Presentation.WebGui.csproj", "{6C773F00-9573-4FE5-B3A5-0668BEE03AAF}"
EndProject
Project("{9A19103F-16F7-4668-BE54-9A1E7A4F7556}") = "RMD.Presentation.WebGui.Client", "RenderModeDemo\RMD.Presentation.WebGui.Client\RMD.Presentation.WebGui.Client.csproj", "{9E4FA707-06CF-47A8-BB17-DEBBE5DFF1A6}"
EndProject
Project("{2150E333-8FDC-42A3-9474-1A3956D46DE8}") = "TestApp", "TestApp", "{147C0C81-3381-49E9-84F8-6F09862EC335}"
EndProject
Project("{9A19103F-16F7-4668-BE54-9A1E7A4F7556}") = "TA.Composition", "Apps\TestApp\TA.Composition\TA.Composition.csproj", "{723487BF-3ACE-4B60-9285-26E3A932D054}"
EndProject
Project("{9A19103F-16F7-4668-BE54-9A1E7A4F7556}") = "TA.Presentation.LocalGui", "Apps\TestApp\TA.Presentation.LocalGui\TA.Presentation.LocalGui.csproj", "{C47BBF36-5BD5-49E1-B196-F1C12FD8F357}"
EndProject
Project("{9A19103F-16F7-4668-BE54-9A1E7A4F7556}") = "TA.Presentation.Views.Blazor", "Apps\TestApp\TA.Presentation.Views.Blazor\TA.Presentation.Views.Blazor.csproj", "{45DB9D4D-34CE-4C42-BF1C-44F029B116D9}"
EndProject
Project("{9A19103F-16F7-4668-BE54-9A1E7A4F7556}") = "TA.Presentation.WebGui", "Apps\TestApp\TA.Presentation.WebGui\TA.Presentation.WebGui.csproj", "{A32EB719-05D5-4217-A9B7-5CA6F07584B3}"
EndProject
Project("{9A19103F-16F7-4668-BE54-9A1E7A4F7556}") = "TA.Presentation.WebGui.Client", "Apps\TestApp\TA.Presentation.WebGui.Client\TA.Presentation.WebGui.Client.csproj", "{3124F74F-1015-430C-889B-50504B6605A7}"
EndProject
Project("{9A19103F-16F7-4668-BE54-9A1E7A4F7556}") = "Hosting.Blazor.Extensions", "Hosting.Blazor.Extensions\Hosting.Blazor.Extensions.csproj", "{F15A7CD2-75B5-4705-BA7A-A0C82CD65F2A}"
EndProject
Project("{9A19103F-16F7-4668-BE54-9A1E7A4F7556}") = "Aspects.Generator", "Aspects.Generator\Aspects.Generator.csproj", "{5F55B2CA-08AC-4679-A4C6-06134C2FBE59}"
EndProject
Project("{2150E333-8FDC-42A3-9474-1A3956D46DE8}") = "Aspects", "Aspects", "{57527C17-B467-40F2-A5B3-A22B58B28DB4}"
EndProject
Project("{9A19103F-16F7-4668-BE54-9A1E7A4F7556}") = "SplitAspectsTestApp", "Apps\Aspects\SplitAspectsTestApp\SplitAspectsTestApp.csproj", "{4DC79BC1-3FCF-4C88-A406-FDDC720B00D3}"
EndProject
Project("{9A19103F-16F7-4668-BE54-9A1E7A4F7556}") = "SplitAspectsLib", "Apps\Aspects\SplitAspectsLib\SplitAspectsLib.csproj", "{CA1DC967-6171-451A-88EE-0F81BFD67010}"
EndProject
Project("{FAE04EC0-301F-11D3-BF4B-00C04F79EFBC}") = "Hosting.Blazor.WebServerGuiTests", "Hosting.Blazor.WebServerGuiTests\Hosting.Blazor.WebServerGuiTests.csproj", "{F7229C3F-7F7B-4000-96C0-97F1D6CCEE66}"
EndProject
Global
	GlobalSection(SolutionConfigurationPlatforms) = preSolution
		Debug|Any CPU = Debug|Any CPU
		Release|Any CPU = Release|Any CPU
	EndGlobalSection
	GlobalSection(ProjectConfigurationPlatforms) = postSolution
		{9FAE600D-B268-43C8-9FC8-E106F343C5AC}.Debug|Any CPU.ActiveCfg = Debug|Any CPU
		{9FAE600D-B268-43C8-9FC8-E106F343C5AC}.Debug|Any CPU.Build.0 = Debug|Any CPU
		{9FAE600D-B268-43C8-9FC8-E106F343C5AC}.Release|Any CPU.ActiveCfg = Release|Any CPU
		{9FAE600D-B268-43C8-9FC8-E106F343C5AC}.Release|Any CPU.Build.0 = Release|Any CPU
		{06C6BF5D-94BD-4BD3-A16E-9F8D2576F5B6}.Debug|Any CPU.ActiveCfg = Debug|Any CPU
		{06C6BF5D-94BD-4BD3-A16E-9F8D2576F5B6}.Debug|Any CPU.Build.0 = Debug|Any CPU
		{06C6BF5D-94BD-4BD3-A16E-9F8D2576F5B6}.Release|Any CPU.ActiveCfg = Release|Any CPU
		{06C6BF5D-94BD-4BD3-A16E-9F8D2576F5B6}.Release|Any CPU.Build.0 = Release|Any CPU
		{0757233E-4E65-4A0B-A6BC-AD905A6500DA}.Debug|Any CPU.ActiveCfg = Debug|Any CPU
		{0757233E-4E65-4A0B-A6BC-AD905A6500DA}.Debug|Any CPU.Build.0 = Debug|Any CPU
		{0757233E-4E65-4A0B-A6BC-AD905A6500DA}.Release|Any CPU.ActiveCfg = Release|Any CPU
		{0757233E-4E65-4A0B-A6BC-AD905A6500DA}.Release|Any CPU.Build.0 = Release|Any CPU
		{CB943578-63A5-422F-8BC9-6AA8A815BF2D}.Debug|Any CPU.ActiveCfg = Debug|Any CPU
		{CB943578-63A5-422F-8BC9-6AA8A815BF2D}.Debug|Any CPU.Build.0 = Debug|Any CPU
		{CB943578-63A5-422F-8BC9-6AA8A815BF2D}.Release|Any CPU.ActiveCfg = Release|Any CPU
		{CB943578-63A5-422F-8BC9-6AA8A815BF2D}.Release|Any CPU.Build.0 = Release|Any CPU
		{B1544F4A-FDEA-4183-879B-0CDE46D2A172}.Debug|Any CPU.ActiveCfg = Debug|Any CPU
		{B1544F4A-FDEA-4183-879B-0CDE46D2A172}.Debug|Any CPU.Build.0 = Debug|Any CPU
		{B1544F4A-FDEA-4183-879B-0CDE46D2A172}.Release|Any CPU.ActiveCfg = Release|Any CPU
		{B1544F4A-FDEA-4183-879B-0CDE46D2A172}.Release|Any CPU.Build.0 = Release|Any CPU
		{C9EEA377-C8F8-47A9-AA66-45F47A0A50BF}.Debug|Any CPU.ActiveCfg = Debug|Any CPU
		{C9EEA377-C8F8-47A9-AA66-45F47A0A50BF}.Debug|Any CPU.Build.0 = Debug|Any CPU
		{C9EEA377-C8F8-47A9-AA66-45F47A0A50BF}.Release|Any CPU.ActiveCfg = Release|Any CPU
		{C9EEA377-C8F8-47A9-AA66-45F47A0A50BF}.Release|Any CPU.Build.0 = Release|Any CPU
		{F88AF8A7-A4FA-45AC-A676-6EAE48273654}.Debug|Any CPU.ActiveCfg = Debug|Any CPU
		{F88AF8A7-A4FA-45AC-A676-6EAE48273654}.Debug|Any CPU.Build.0 = Debug|Any CPU
		{F88AF8A7-A4FA-45AC-A676-6EAE48273654}.Release|Any CPU.ActiveCfg = Release|Any CPU
		{F88AF8A7-A4FA-45AC-A676-6EAE48273654}.Release|Any CPU.Build.0 = Release|Any CPU
		{57209F28-36F0-497B-A694-0A9CB26CDB3D}.Debug|Any CPU.ActiveCfg = Debug|Any CPU
		{57209F28-36F0-497B-A694-0A9CB26CDB3D}.Debug|Any CPU.Build.0 = Debug|Any CPU
		{57209F28-36F0-497B-A694-0A9CB26CDB3D}.Release|Any CPU.ActiveCfg = Release|Any CPU
		{57209F28-36F0-497B-A694-0A9CB26CDB3D}.Release|Any CPU.Build.0 = Release|Any CPU
		{9CF5C236-C773-4E1E-BEB5-C9B30D388C9A}.Debug|Any CPU.ActiveCfg = Debug|Any CPU
		{9CF5C236-C773-4E1E-BEB5-C9B30D388C9A}.Debug|Any CPU.Build.0 = Debug|Any CPU
		{9CF5C236-C773-4E1E-BEB5-C9B30D388C9A}.Release|Any CPU.ActiveCfg = Release|Any CPU
		{9CF5C236-C773-4E1E-BEB5-C9B30D388C9A}.Release|Any CPU.Build.0 = Release|Any CPU
		{267D8E0F-AE02-4A44-B90A-45171A01C646}.Debug|Any CPU.ActiveCfg = Debug|Any CPU
		{267D8E0F-AE02-4A44-B90A-45171A01C646}.Debug|Any CPU.Build.0 = Debug|Any CPU
		{267D8E0F-AE02-4A44-B90A-45171A01C646}.Release|Any CPU.ActiveCfg = Release|Any CPU
		{267D8E0F-AE02-4A44-B90A-45171A01C646}.Release|Any CPU.Build.0 = Release|Any CPU
		{15D880B1-C0AF-4264-96B8-7404BE3E9A5A}.Debug|Any CPU.ActiveCfg = Debug|Any CPU
		{15D880B1-C0AF-4264-96B8-7404BE3E9A5A}.Debug|Any CPU.Build.0 = Debug|Any CPU
		{15D880B1-C0AF-4264-96B8-7404BE3E9A5A}.Release|Any CPU.ActiveCfg = Release|Any CPU
		{15D880B1-C0AF-4264-96B8-7404BE3E9A5A}.Release|Any CPU.Build.0 = Release|Any CPU
		{9BFEA4A4-E24D-424D-ADA1-F184087933DB}.Debug|Any CPU.ActiveCfg = Debug|Any CPU
		{9BFEA4A4-E24D-424D-ADA1-F184087933DB}.Debug|Any CPU.Build.0 = Debug|Any CPU
		{9BFEA4A4-E24D-424D-ADA1-F184087933DB}.Release|Any CPU.ActiveCfg = Release|Any CPU
		{9BFEA4A4-E24D-424D-ADA1-F184087933DB}.Release|Any CPU.Build.0 = Release|Any CPU
		{AFB34D84-FBF8-462E-9AE6-A8F92C3C1467}.Debug|Any CPU.ActiveCfg = Debug|Any CPU
		{AFB34D84-FBF8-462E-9AE6-A8F92C3C1467}.Debug|Any CPU.Build.0 = Debug|Any CPU
		{AFB34D84-FBF8-462E-9AE6-A8F92C3C1467}.Release|Any CPU.ActiveCfg = Release|Any CPU
		{AFB34D84-FBF8-462E-9AE6-A8F92C3C1467}.Release|Any CPU.Build.0 = Release|Any CPU
		{D9679F72-0546-450B-9349-D29589D28658}.Debug|Any CPU.ActiveCfg = Debug|Any CPU
		{D9679F72-0546-450B-9349-D29589D28658}.Debug|Any CPU.Build.0 = Debug|Any CPU
		{D9679F72-0546-450B-9349-D29589D28658}.Release|Any CPU.ActiveCfg = Release|Any CPU
		{D9679F72-0546-450B-9349-D29589D28658}.Release|Any CPU.Build.0 = Release|Any CPU
		{0485993B-803D-4DD9-B169-4BF5952AB934}.Debug|Any CPU.ActiveCfg = Debug|Any CPU
		{0485993B-803D-4DD9-B169-4BF5952AB934}.Debug|Any CPU.Build.0 = Debug|Any CPU
		{0485993B-803D-4DD9-B169-4BF5952AB934}.Release|Any CPU.ActiveCfg = Release|Any CPU
		{0485993B-803D-4DD9-B169-4BF5952AB934}.Release|Any CPU.Build.0 = Release|Any CPU
		{A4B66D23-F847-4F74-9ABF-7FE12678E7A9}.Debug|Any CPU.ActiveCfg = Debug|Any CPU
		{A4B66D23-F847-4F74-9ABF-7FE12678E7A9}.Debug|Any CPU.Build.0 = Debug|Any CPU
		{A4B66D23-F847-4F74-9ABF-7FE12678E7A9}.Release|Any CPU.ActiveCfg = Release|Any CPU
		{A4B66D23-F847-4F74-9ABF-7FE12678E7A9}.Release|Any CPU.Build.0 = Release|Any CPU
		{E52573E1-2223-4B8D-AAA9-E48F4DC178A9}.Debug|Any CPU.ActiveCfg = Debug|Any CPU
		{E52573E1-2223-4B8D-AAA9-E48F4DC178A9}.Debug|Any CPU.Build.0 = Debug|Any CPU
		{E52573E1-2223-4B8D-AAA9-E48F4DC178A9}.Release|Any CPU.ActiveCfg = Release|Any CPU
		{E52573E1-2223-4B8D-AAA9-E48F4DC178A9}.Release|Any CPU.Build.0 = Release|Any CPU
		{42EC081B-A1AD-4A6E-9AEB-3A2ED5BCF51E}.Debug|Any CPU.ActiveCfg = Debug|Any CPU
		{42EC081B-A1AD-4A6E-9AEB-3A2ED5BCF51E}.Debug|Any CPU.Build.0 = Debug|Any CPU
		{42EC081B-A1AD-4A6E-9AEB-3A2ED5BCF51E}.Release|Any CPU.ActiveCfg = Release|Any CPU
		{42EC081B-A1AD-4A6E-9AEB-3A2ED5BCF51E}.Release|Any CPU.Build.0 = Release|Any CPU
		{6C773F00-9573-4FE5-B3A5-0668BEE03AAF}.Debug|Any CPU.ActiveCfg = Debug|Any CPU
		{6C773F00-9573-4FE5-B3A5-0668BEE03AAF}.Debug|Any CPU.Build.0 = Debug|Any CPU
		{6C773F00-9573-4FE5-B3A5-0668BEE03AAF}.Release|Any CPU.ActiveCfg = Release|Any CPU
		{6C773F00-9573-4FE5-B3A5-0668BEE03AAF}.Release|Any CPU.Build.0 = Release|Any CPU
		{9E4FA707-06CF-47A8-BB17-DEBBE5DFF1A6}.Debug|Any CPU.ActiveCfg = Debug|Any CPU
		{9E4FA707-06CF-47A8-BB17-DEBBE5DFF1A6}.Debug|Any CPU.Build.0 = Debug|Any CPU
		{9E4FA707-06CF-47A8-BB17-DEBBE5DFF1A6}.Release|Any CPU.ActiveCfg = Release|Any CPU
		{9E4FA707-06CF-47A8-BB17-DEBBE5DFF1A6}.Release|Any CPU.Build.0 = Release|Any CPU
		{723487BF-3ACE-4B60-9285-26E3A932D054}.Debug|Any CPU.ActiveCfg = Debug|Any CPU
		{723487BF-3ACE-4B60-9285-26E3A932D054}.Debug|Any CPU.Build.0 = Debug|Any CPU
		{723487BF-3ACE-4B60-9285-26E3A932D054}.Release|Any CPU.ActiveCfg = Release|Any CPU
		{723487BF-3ACE-4B60-9285-26E3A932D054}.Release|Any CPU.Build.0 = Release|Any CPU
		{C47BBF36-5BD5-49E1-B196-F1C12FD8F357}.Debug|Any CPU.ActiveCfg = Debug|Any CPU
		{C47BBF36-5BD5-49E1-B196-F1C12FD8F357}.Debug|Any CPU.Build.0 = Debug|Any CPU
		{C47BBF36-5BD5-49E1-B196-F1C12FD8F357}.Release|Any CPU.ActiveCfg = Release|Any CPU
		{C47BBF36-5BD5-49E1-B196-F1C12FD8F357}.Release|Any CPU.Build.0 = Release|Any CPU
		{45DB9D4D-34CE-4C42-BF1C-44F029B116D9}.Debug|Any CPU.ActiveCfg = Debug|Any CPU
		{45DB9D4D-34CE-4C42-BF1C-44F029B116D9}.Debug|Any CPU.Build.0 = Debug|Any CPU
		{45DB9D4D-34CE-4C42-BF1C-44F029B116D9}.Release|Any CPU.ActiveCfg = Release|Any CPU
		{45DB9D4D-34CE-4C42-BF1C-44F029B116D9}.Release|Any CPU.Build.0 = Release|Any CPU
		{A32EB719-05D5-4217-A9B7-5CA6F07584B3}.Debug|Any CPU.ActiveCfg = Debug|Any CPU
		{A32EB719-05D5-4217-A9B7-5CA6F07584B3}.Debug|Any CPU.Build.0 = Debug|Any CPU
		{A32EB719-05D5-4217-A9B7-5CA6F07584B3}.Release|Any CPU.ActiveCfg = Release|Any CPU
		{A32EB719-05D5-4217-A9B7-5CA6F07584B3}.Release|Any CPU.Build.0 = Release|Any CPU
		{3124F74F-1015-430C-889B-50504B6605A7}.Debug|Any CPU.ActiveCfg = Debug|Any CPU
		{3124F74F-1015-430C-889B-50504B6605A7}.Debug|Any CPU.Build.0 = Debug|Any CPU
		{3124F74F-1015-430C-889B-50504B6605A7}.Release|Any CPU.ActiveCfg = Release|Any CPU
		{3124F74F-1015-430C-889B-50504B6605A7}.Release|Any CPU.Build.0 = Release|Any CPU
		{F15A7CD2-75B5-4705-BA7A-A0C82CD65F2A}.Debug|Any CPU.ActiveCfg = Debug|Any CPU
		{F15A7CD2-75B5-4705-BA7A-A0C82CD65F2A}.Debug|Any CPU.Build.0 = Debug|Any CPU
		{F15A7CD2-75B5-4705-BA7A-A0C82CD65F2A}.Release|Any CPU.ActiveCfg = Release|Any CPU
		{F15A7CD2-75B5-4705-BA7A-A0C82CD65F2A}.Release|Any CPU.Build.0 = Release|Any CPU
		{5F55B2CA-08AC-4679-A4C6-06134C2FBE59}.Debug|Any CPU.ActiveCfg = Debug|Any CPU
		{5F55B2CA-08AC-4679-A4C6-06134C2FBE59}.Debug|Any CPU.Build.0 = Debug|Any CPU
		{5F55B2CA-08AC-4679-A4C6-06134C2FBE59}.Release|Any CPU.ActiveCfg = Release|Any CPU
		{5F55B2CA-08AC-4679-A4C6-06134C2FBE59}.Release|Any CPU.Build.0 = Release|Any CPU
		{4DC79BC1-3FCF-4C88-A406-FDDC720B00D3}.Debug|Any CPU.ActiveCfg = Debug|Any CPU
		{4DC79BC1-3FCF-4C88-A406-FDDC720B00D3}.Debug|Any CPU.Build.0 = Debug|Any CPU
		{4DC79BC1-3FCF-4C88-A406-FDDC720B00D3}.Release|Any CPU.ActiveCfg = Release|Any CPU
		{4DC79BC1-3FCF-4C88-A406-FDDC720B00D3}.Release|Any CPU.Build.0 = Release|Any CPU
		{CA1DC967-6171-451A-88EE-0F81BFD67010}.Debug|Any CPU.ActiveCfg = Debug|Any CPU
		{CA1DC967-6171-451A-88EE-0F81BFD67010}.Debug|Any CPU.Build.0 = Debug|Any CPU
		{CA1DC967-6171-451A-88EE-0F81BFD67010}.Release|Any CPU.ActiveCfg = Release|Any CPU
		{CA1DC967-6171-451A-88EE-0F81BFD67010}.Release|Any CPU.Build.0 = Release|Any CPU
		{F7229C3F-7F7B-4000-96C0-97F1D6CCEE66}.Debug|Any CPU.ActiveCfg = Debug|Any CPU
		{F7229C3F-7F7B-4000-96C0-97F1D6CCEE66}.Debug|Any CPU.Build.0 = Debug|Any CPU
		{F7229C3F-7F7B-4000-96C0-97F1D6CCEE66}.Release|Any CPU.ActiveCfg = Release|Any CPU
		{F7229C3F-7F7B-4000-96C0-97F1D6CCEE66}.Release|Any CPU.Build.0 = Release|Any CPU
	EndGlobalSection
	GlobalSection(SolutionProperties) = preSolution
		HideSolutionNode = FALSE
	EndGlobalSection
	GlobalSection(NestedProjects) = preSolution
		{9FAE600D-B268-43C8-9FC8-E106F343C5AC} = {4EBEC006-0B69-4E37-8991-996D0F267D8C}
		{06C6BF5D-94BD-4BD3-A16E-9F8D2576F5B6} = {4EBEC006-0B69-4E37-8991-996D0F267D8C}
		{0757233E-4E65-4A0B-A6BC-AD905A6500DA} = {C9C3C91F-E031-4892-A04F-3AD7BBCEACBC}
		{CB943578-63A5-422F-8BC9-6AA8A815BF2D} = {C9C3C91F-E031-4892-A04F-3AD7BBCEACBC}
		{B1544F4A-FDEA-4183-879B-0CDE46D2A172} = {4EBEC006-0B69-4E37-8991-996D0F267D8C}
		{C9EEA377-C8F8-47A9-AA66-45F47A0A50BF} = {C9C3C91F-E031-4892-A04F-3AD7BBCEACBC}
		{F88AF8A7-A4FA-45AC-A676-6EAE48273654} = {4EBEC006-0B69-4E37-8991-996D0F267D8C}
		{57209F28-36F0-497B-A694-0A9CB26CDB3D} = {4EBEC006-0B69-4E37-8991-996D0F267D8C}
		{9CF5C236-C773-4E1E-BEB5-C9B30D388C9A} = {4C8F03B2-0AD3-4A78-BCDF-FE556C344819}
		{267D8E0F-AE02-4A44-B90A-45171A01C646} = {4EBEC006-0B69-4E37-8991-996D0F267D8C}
		{15D880B1-C0AF-4264-96B8-7404BE3E9A5A} = {4EBEC006-0B69-4E37-8991-996D0F267D8C}
		{9BFEA4A4-E24D-424D-ADA1-F184087933DB} = {4EBEC006-0B69-4E37-8991-996D0F267D8C}
		{AFB34D84-FBF8-462E-9AE6-A8F92C3C1467} = {4EBEC006-0B69-4E37-8991-996D0F267D8C}
		{D9679F72-0546-450B-9349-D29589D28658} = {4EBEC006-0B69-4E37-8991-996D0F267D8C}
		{0485993B-803D-4DD9-B169-4BF5952AB934} = {4EBEC006-0B69-4E37-8991-996D0F267D8C}
		{A4B66D23-F847-4F74-9ABF-7FE12678E7A9} = {B70D12F1-ABFC-48EF-BD8C-4859F824F274}
		{E52573E1-2223-4B8D-AAA9-E48F4DC178A9} = {B70D12F1-ABFC-48EF-BD8C-4859F824F274}
		{42EC081B-A1AD-4A6E-9AEB-3A2ED5BCF51E} = {B70D12F1-ABFC-48EF-BD8C-4859F824F274}
		{6C773F00-9573-4FE5-B3A5-0668BEE03AAF} = {B70D12F1-ABFC-48EF-BD8C-4859F824F274}
		{9E4FA707-06CF-47A8-BB17-DEBBE5DFF1A6} = {B70D12F1-ABFC-48EF-BD8C-4859F824F274}
		{147C0C81-3381-49E9-84F8-6F09862EC335} = {552E8BE2-F112-43D6-8BA0-A31C8DD8A553}
		{723487BF-3ACE-4B60-9285-26E3A932D054} = {147C0C81-3381-49E9-84F8-6F09862EC335}
		{C47BBF36-5BD5-49E1-B196-F1C12FD8F357} = {147C0C81-3381-49E9-84F8-6F09862EC335}
		{45DB9D4D-34CE-4C42-BF1C-44F029B116D9} = {147C0C81-3381-49E9-84F8-6F09862EC335}
		{A32EB719-05D5-4217-A9B7-5CA6F07584B3} = {147C0C81-3381-49E9-84F8-6F09862EC335}
		{3124F74F-1015-430C-889B-50504B6605A7} = {147C0C81-3381-49E9-84F8-6F09862EC335}
		{F15A7CD2-75B5-4705-BA7A-A0C82CD65F2A} = {4EBEC006-0B69-4E37-8991-996D0F267D8C}
		{5F55B2CA-08AC-4679-A4C6-06134C2FBE59} = {4C8F03B2-0AD3-4A78-BCDF-FE556C344819}
		{57527C17-B467-40F2-A5B3-A22B58B28DB4} = {552E8BE2-F112-43D6-8BA0-A31C8DD8A553}
		{4DC79BC1-3FCF-4C88-A406-FDDC720B00D3} = {57527C17-B467-40F2-A5B3-A22B58B28DB4}
		{CA1DC967-6171-451A-88EE-0F81BFD67010} = {57527C17-B467-40F2-A5B3-A22B58B28DB4}
		{F7229C3F-7F7B-4000-96C0-97F1D6CCEE66} = {C9C3C91F-E031-4892-A04F-3AD7BBCEACBC}
	EndGlobalSection
	GlobalSection(ExtensibilityGlobals) = postSolution
		SolutionGuid = {5E2CEDA1-0589-48E9-9EA6-67419EDBFA80}
	EndGlobalSection
EndGlobal
